
Microsoft Visual Studio Solution File, Format Version 12.00
# Visual Studio Version 17
VisualStudioVersion = 17.9.34728.123
MinimumVisualStudioVersion = 10.0.40219.1
Project("{2150E333-8FDC-42A3-9474-1A3956D46DE8}") = "src", "src", "{3D231554-E4DE-4A23-B4C6-C3CFA925DCF0}"
EndProject
Project("{2150E333-8FDC-42A3-9474-1A3956D46DE8}") = "tests", "tests", "{C9594521-BE1A-4E3E-9DB2-0CC5F6AB4897}"
EndProject
Project("{9A19103F-16F7-4668-BE54-9A1E7A4F7556}") = "CuddleCompanions.Domain", "CuddleCompanions.Domain\CuddleCompanions.Domain.csproj", "{CFD99851-0F45-4391-9B5D-B673F8D66B93}"
EndProject
Project("{9A19103F-16F7-4668-BE54-9A1E7A4F7556}") = "CuddleCompanions.Application", "CuddleCompanions.Application\CuddleCompanions.Application.csproj", "{A599CFCE-F736-4967-A0BD-877BA303DF67}"
EndProject
Project("{9A19103F-16F7-4668-BE54-9A1E7A4F7556}") = "CuddleCompanions.Infrastructure", "CuddleCompanions.Infrastructure\CuddleCompanions.Infrastructure.csproj", "{E23C6881-2D47-4A54-9B04-3DC6552986EB}"
EndProject
Project("{9A19103F-16F7-4668-BE54-9A1E7A4F7556}") = "CuddleCompanions.Api", "CuddleCompanions.Api\CuddleCompanions.Api.csproj", "{7BFC4A7A-7D7D-42D9-8D1E-70DAD42F5E06}"
EndProject
Project("{9A19103F-16F7-4668-BE54-9A1E7A4F7556}") = "CuddleCompanions.Api.IntegrationTests", "CuddleCompanions.Api.IntegrationTests\CuddleCompanions.Api.IntegrationTests.csproj", "{37457E57-0FFC-464E-9ED5-E1B567A66E0F}"
EndProject
Project("{9A19103F-16F7-4668-BE54-9A1E7A4F7556}") = "CuddleCompanions.Application.UnitTests", "CuddleCompanions.Application.UnitTests\CuddleCompanions.Application.UnitTests.csproj", "{0D79D54B-2D80-44F9-B3AD-53BECBF5989F}"
EndProject
Project("{FAE04EC0-301F-11D3-BF4B-00C04F79EFBC}") = "Contracts", "Contracts\Contracts.csproj", "{252A27FC-5D81-43A6-8E3D-82CE722C2532}"
EndProject
Project("{FAE04EC0-301F-11D3-BF4B-00C04F79EFBC}") = "CuddleCompanions.Mailing.Api", "CuddleCompanions.Mailing.Api\CuddleCompanions.Mailing.Api.csproj", "{C8EA5A2B-0EC9-4FA5-AB18-EEF3FCA541CF}"
EndProject
Project("{E53339B2-1760-4266-BCC7-CA923CBCF16C}") = "docker-compose", "docker-compose.dcproj", "{1D1CDD0A-9D85-47CB-90F4-3BBA44C6BDB1}"
EndProject
Global
	GlobalSection(SolutionConfigurationPlatforms) = preSolution
		Debug|Any CPU = Debug|Any CPU
		Release|Any CPU = Release|Any CPU
	EndGlobalSection
	GlobalSection(ProjectConfigurationPlatforms) = postSolution
		{CFD99851-0F45-4391-9B5D-B673F8D66B93}.Debug|Any CPU.ActiveCfg = Debug|Any CPU
		{CFD99851-0F45-4391-9B5D-B673F8D66B93}.Debug|Any CPU.Build.0 = Debug|Any CPU
		{CFD99851-0F45-4391-9B5D-B673F8D66B93}.Release|Any CPU.ActiveCfg = Release|Any CPU
		{CFD99851-0F45-4391-9B5D-B673F8D66B93}.Release|Any CPU.Build.0 = Release|Any CPU
		{A599CFCE-F736-4967-A0BD-877BA303DF67}.Debug|Any CPU.ActiveCfg = Debug|Any CPU
		{A599CFCE-F736-4967-A0BD-877BA303DF67}.Debug|Any CPU.Build.0 = Debug|Any CPU
		{A599CFCE-F736-4967-A0BD-877BA303DF67}.Release|Any CPU.ActiveCfg = Release|Any CPU
		{A599CFCE-F736-4967-A0BD-877BA303DF67}.Release|Any CPU.Build.0 = Release|Any CPU
		{E23C6881-2D47-4A54-9B04-3DC6552986EB}.Debug|Any CPU.ActiveCfg = Debug|Any CPU
		{E23C6881-2D47-4A54-9B04-3DC6552986EB}.Debug|Any CPU.Build.0 = Debug|Any CPU
		{E23C6881-2D47-4A54-9B04-3DC6552986EB}.Release|Any CPU.ActiveCfg = Release|Any CPU
		{E23C6881-2D47-4A54-9B04-3DC6552986EB}.Release|Any CPU.Build.0 = Release|Any CPU
		{7BFC4A7A-7D7D-42D9-8D1E-70DAD42F5E06}.Debug|Any CPU.ActiveCfg = Debug|Any CPU
		{7BFC4A7A-7D7D-42D9-8D1E-70DAD42F5E06}.Debug|Any CPU.Build.0 = Debug|Any CPU
		{7BFC4A7A-7D7D-42D9-8D1E-70DAD42F5E06}.Release|Any CPU.ActiveCfg = Release|Any CPU
		{7BFC4A7A-7D7D-42D9-8D1E-70DAD42F5E06}.Release|Any CPU.Build.0 = Release|Any CPU
		{37457E57-0FFC-464E-9ED5-E1B567A66E0F}.Debug|Any CPU.ActiveCfg = Debug|Any CPU
		{37457E57-0FFC-464E-9ED5-E1B567A66E0F}.Debug|Any CPU.Build.0 = Debug|Any CPU
		{37457E57-0FFC-464E-9ED5-E1B567A66E0F}.Release|Any CPU.ActiveCfg = Release|Any CPU
		{37457E57-0FFC-464E-9ED5-E1B567A66E0F}.Release|Any CPU.Build.0 = Release|Any CPU
		{0D79D54B-2D80-44F9-B3AD-53BECBF5989F}.Debug|Any CPU.ActiveCfg = Debug|Any CPU
		{0D79D54B-2D80-44F9-B3AD-53BECBF5989F}.Debug|Any CPU.Build.0 = Debug|Any CPU
		{0D79D54B-2D80-44F9-B3AD-53BECBF5989F}.Release|Any CPU.ActiveCfg = Release|Any CPU
		{0D79D54B-2D80-44F9-B3AD-53BECBF5989F}.Release|Any CPU.Build.0 = Release|Any CPU
		{252A27FC-5D81-43A6-8E3D-82CE722C2532}.Debug|Any CPU.ActiveCfg = Debug|Any CPU
		{252A27FC-5D81-43A6-8E3D-82CE722C2532}.Debug|Any CPU.Build.0 = Debug|Any CPU
		{252A27FC-5D81-43A6-8E3D-82CE722C2532}.Release|Any CPU.ActiveCfg = Release|Any CPU
		{252A27FC-5D81-43A6-8E3D-82CE722C2532}.Release|Any CPU.Build.0 = Release|Any CPU
		{C8EA5A2B-0EC9-4FA5-AB18-EEF3FCA541CF}.Debug|Any CPU.ActiveCfg = Debug|Any CPU
		{C8EA5A2B-0EC9-4FA5-AB18-EEF3FCA541CF}.Debug|Any CPU.Build.0 = Debug|Any CPU
		{C8EA5A2B-0EC9-4FA5-AB18-EEF3FCA541CF}.Release|Any CPU.ActiveCfg = Release|Any CPU
		{C8EA5A2B-0EC9-4FA5-AB18-EEF3FCA541CF}.Release|Any CPU.Build.0 = Release|Any CPU
		{1D1CDD0A-9D85-47CB-90F4-3BBA44C6BDB1}.Debug|Any CPU.ActiveCfg = Debug|Any CPU
		{1D1CDD0A-9D85-47CB-90F4-3BBA44C6BDB1}.Debug|Any CPU.Build.0 = Debug|Any CPU
		{1D1CDD0A-9D85-47CB-90F4-3BBA44C6BDB1}.Release|Any CPU.ActiveCfg = Release|Any CPU
		{1D1CDD0A-9D85-47CB-90F4-3BBA44C6BDB1}.Release|Any CPU.Build.0 = Release|Any CPU
	EndGlobalSection
	GlobalSection(SolutionProperties) = preSolution
		HideSolutionNode = FALSE
	EndGlobalSection
	GlobalSection(NestedProjects) = preSolution
		{CFD99851-0F45-4391-9B5D-B673F8D66B93} = {3D231554-E4DE-4A23-B4C6-C3CFA925DCF0}
		{A599CFCE-F736-4967-A0BD-877BA303DF67} = {3D231554-E4DE-4A23-B4C6-C3CFA925DCF0}
		{E23C6881-2D47-4A54-9B04-3DC6552986EB} = {3D231554-E4DE-4A23-B4C6-C3CFA925DCF0}
		{7BFC4A7A-7D7D-42D9-8D1E-70DAD42F5E06} = {3D231554-E4DE-4A23-B4C6-C3CFA925DCF0}
		{37457E57-0FFC-464E-9ED5-E1B567A66E0F} = {C9594521-BE1A-4E3E-9DB2-0CC5F6AB4897}
		{0D79D54B-2D80-44F9-B3AD-53BECBF5989F} = {C9594521-BE1A-4E3E-9DB2-0CC5F6AB4897}
		{252A27FC-5D81-43A6-8E3D-82CE722C2532} = {3D231554-E4DE-4A23-B4C6-C3CFA925DCF0}
		{C8EA5A2B-0EC9-4FA5-AB18-EEF3FCA541CF} = {3D231554-E4DE-4A23-B4C6-C3CFA925DCF0}
	EndGlobalSection
	GlobalSection(ExtensibilityGlobals) = postSolution
		SolutionGuid = {B4ED9233-241A-4102-A631-A9797862469B}
	EndGlobalSection
EndGlobal
